// !$*UTF8*$!
{
	archiveVersion = 1;
	classes = {
	};
	objectVersion = 56;
	objects = {

/* Begin PBXBuildFile section */
		1BD3C81029AC6D0400BFC22F /* SplashView.swift in Sources */ = {isa = PBXBuildFile; fileRef = 1BD3C80F29AC6D0400BFC22F /* SplashView.swift */; };
		1BD3C81429AD410100BFC22F /* LoginPage.swift in Sources */ = {isa = PBXBuildFile; fileRef = 1BD3C81329AD410100BFC22F /* LoginPage.swift */; };
		1BD3C81629AD432000BFC22F /* RegisterIView.swift in Sources */ = {isa = PBXBuildFile; fileRef = 1BD3C81529AD432000BFC22F /* RegisterIView.swift */; };
		1BD3C81829AD6B2D00BFC22F /* RegisterInfoView.swift in Sources */ = {isa = PBXBuildFile; fileRef = 1BD3C81729AD6B2D00BFC22F /* RegisterInfoView.swift */; };
		241C968929A6FA6300DB1855 /* BitRealApp.swift in Sources */ = {isa = PBXBuildFile; fileRef = 241C968829A6FA6300DB1855 /* BitRealApp.swift */; };
		241C968B29A6FA6300DB1855 /* ContentView.swift in Sources */ = {isa = PBXBuildFile; fileRef = 241C968A29A6FA6300DB1855 /* ContentView.swift */; };
		241C968D29A6FA6500DB1855 /* Assets.xcassets in Resources */ = {isa = PBXBuildFile; fileRef = 241C968C29A6FA6500DB1855 /* Assets.xcassets */; };
		241C969029A6FA6500DB1855 /* Preview Assets.xcassets in Resources */ = {isa = PBXBuildFile; fileRef = 241C968F29A6FA6500DB1855 /* Preview Assets.xcassets */; };
		241C969A29A8580600DB1855 /* HomePage.swift in Sources */ = {isa = PBXBuildFile; fileRef = 241C969929A8580600DB1855 /* HomePage.swift */; };
		241C969C29A8581700DB1855 /* FriendsPage.swift in Sources */ = {isa = PBXBuildFile; fileRef = 241C969B29A8581700DB1855 /* FriendsPage.swift */; };
		241C969E29A8582800DB1855 /* HabitsPage.swift in Sources */ = {isa = PBXBuildFile; fileRef = 241C969D29A8582800DB1855 /* HabitsPage.swift */; };
		241C96A029A8583800DB1855 /* ProfilePage.swift in Sources */ = {isa = PBXBuildFile; fileRef = 241C969F29A8583800DB1855 /* ProfilePage.swift */; };
		241C96A229A8662600DB1855 /* Navbar.swift in Sources */ = {isa = PBXBuildFile; fileRef = 241C96A129A8662600DB1855 /* Navbar.swift */; };
		248084A929B42AE700A674F8 /* AddButton.swift in Sources */ = {isa = PBXBuildFile; fileRef = 248084A829B42AE700A674F8 /* AddButton.swift */; };
		24BE17CA29A966450070AEE6 /* PostsRowView.swift in Sources */ = {isa = PBXBuildFile; fileRef = 24BE17C929A966450070AEE6 /* PostsRowView.swift */; };
		24BE17CC29A978D50070AEE6 /* FriendCard.swift in Sources */ = {isa = PBXBuildFile; fileRef = 24BE17CB29A978D50070AEE6 /* FriendCard.swift */; };
		24BE17EA29AD76630070AEE6 /* CustomButton.swift in Sources */ = {isa = PBXBuildFile; fileRef = 24BE17E929AD76630070AEE6 /* CustomButton.swift */; };
		F135D04129B0413B0025F23B /* Habit.swift in Sources */ = {isa = PBXBuildFile; fileRef = F135D04029B0413B0025F23B /* Habit.swift */; };
		F135D04929B17C010025F23B /* CreateHabitPage.swift in Sources */ = {isa = PBXBuildFile; fileRef = F135D04829B17C010025F23B /* CreateHabitPage.swift */; };
/* End PBXBuildFile section */

/* Begin PBXFileReference section */
		1BD3C80F29AC6D0400BFC22F /* SplashView.swift */ = {isa = PBXFileReference; lastKnownFileType = sourcecode.swift; path = SplashView.swift; sourceTree = "<group>"; };
		1BD3C81329AD410100BFC22F /* LoginPage.swift */ = {isa = PBXFileReference; lastKnownFileType = sourcecode.swift; path = LoginPage.swift; sourceTree = "<group>"; };
		1BD3C81529AD432000BFC22F /* RegisterIView.swift */ = {isa = PBXFileReference; lastKnownFileType = sourcecode.swift; path = RegisterIView.swift; sourceTree = "<group>"; };
		1BD3C81729AD6B2D00BFC22F /* RegisterInfoView.swift */ = {isa = PBXFileReference; lastKnownFileType = sourcecode.swift; path = RegisterInfoView.swift; sourceTree = "<group>"; };
		241C968529A6FA6300DB1855 /* BitReal.app */ = {isa = PBXFileReference; explicitFileType = wrapper.application; includeInIndex = 0; path = BitReal.app; sourceTree = BUILT_PRODUCTS_DIR; };
		241C968829A6FA6300DB1855 /* BitRealApp.swift */ = {isa = PBXFileReference; lastKnownFileType = sourcecode.swift; path = BitRealApp.swift; sourceTree = "<group>"; };
		241C968A29A6FA6300DB1855 /* ContentView.swift */ = {isa = PBXFileReference; lastKnownFileType = sourcecode.swift; path = ContentView.swift; sourceTree = "<group>"; };
		241C968C29A6FA6500DB1855 /* Assets.xcassets */ = {isa = PBXFileReference; lastKnownFileType = folder.assetcatalog; path = Assets.xcassets; sourceTree = "<group>"; };
		241C968F29A6FA6500DB1855 /* Preview Assets.xcassets */ = {isa = PBXFileReference; lastKnownFileType = folder.assetcatalog; path = "Preview Assets.xcassets"; sourceTree = "<group>"; };
		241C969929A8580600DB1855 /* HomePage.swift */ = {isa = PBXFileReference; lastKnownFileType = sourcecode.swift; path = HomePage.swift; sourceTree = "<group>"; };
		241C969B29A8581700DB1855 /* FriendsPage.swift */ = {isa = PBXFileReference; lastKnownFileType = sourcecode.swift; path = FriendsPage.swift; sourceTree = "<group>"; };
		241C969D29A8582800DB1855 /* HabitsPage.swift */ = {isa = PBXFileReference; lastKnownFileType = sourcecode.swift; path = HabitsPage.swift; sourceTree = "<group>"; };
		241C969F29A8583800DB1855 /* ProfilePage.swift */ = {isa = PBXFileReference; lastKnownFileType = sourcecode.swift; path = ProfilePage.swift; sourceTree = "<group>"; };
		241C96A129A8662600DB1855 /* Navbar.swift */ = {isa = PBXFileReference; lastKnownFileType = sourcecode.swift; path = Navbar.swift; sourceTree = "<group>"; };
		248084A829B42AE700A674F8 /* AddButton.swift */ = {isa = PBXFileReference; lastKnownFileType = sourcecode.swift; path = AddButton.swift; sourceTree = "<group>"; };
		24BE17C929A966450070AEE6 /* PostsRowView.swift */ = {isa = PBXFileReference; lastKnownFileType = sourcecode.swift; path = PostsRowView.swift; sourceTree = "<group>"; };
		24BE17CB29A978D50070AEE6 /* FriendCard.swift */ = {isa = PBXFileReference; lastKnownFileType = sourcecode.swift; path = FriendCard.swift; sourceTree = "<group>"; };
		24BE17E929AD76630070AEE6 /* CustomButton.swift */ = {isa = PBXFileReference; lastKnownFileType = sourcecode.swift; path = CustomButton.swift; sourceTree = "<group>"; };
		F135D04029B0413B0025F23B /* Habit.swift */ = {isa = PBXFileReference; lastKnownFileType = sourcecode.swift; path = Habit.swift; sourceTree = "<group>"; };
		F135D04829B17C010025F23B /* CreateHabitPage.swift */ = {isa = PBXFileReference; lastKnownFileType = sourcecode.swift; path = CreateHabitPage.swift; sourceTree = "<group>"; };
/* End PBXFileReference section */

/* Begin PBXFrameworksBuildPhase section */
		241C968229A6FA6300DB1855 /* Frameworks */ = {
			isa = PBXFrameworksBuildPhase;
			buildActionMask = 2147483647;
			files = (
			);
			runOnlyForDeploymentPostprocessing = 0;
		};
/* End PBXFrameworksBuildPhase section */

/* Begin PBXGroup section */
		241C967C29A6FA6300DB1855 = {
			isa = PBXGroup;
			children = (
				241C968729A6FA6300DB1855 /* BitReal */,
				241C968629A6FA6300DB1855 /* Products */,
			);
			sourceTree = "<group>";
		};
		241C968629A6FA6300DB1855 /* Products */ = {
			isa = PBXGroup;
			children = (
				241C968529A6FA6300DB1855 /* BitReal.app */,
			);
			name = Products;
			sourceTree = "<group>";
		};
		241C968729A6FA6300DB1855 /* BitReal */ = {
			isa = PBXGroup;
			children = (
				241C968829A6FA6300DB1855 /* BitRealApp.swift */,
				241C968A29A6FA6300DB1855 /* ContentView.swift */,
				241C969829A857BA00DB1855 /* Components */,
				241C969729A857AE00DB1855 /* Views */,
				241C968C29A6FA6500DB1855 /* Assets.xcassets */,
				241C968E29A6FA6500DB1855 /* Preview Content */,
			);
			path = BitReal;
			sourceTree = "<group>";
		};
		241C968E29A6FA6500DB1855 /* Preview Content */ = {
			isa = PBXGroup;
			children = (
				241C968F29A6FA6500DB1855 /* Preview Assets.xcassets */,
			);
			path = "Preview Content";
			sourceTree = "<group>";
		};
		241C969729A857AE00DB1855 /* Views */ = {
			isa = PBXGroup;
			children = (
				1BD3C80F29AC6D0400BFC22F /* SplashView.swift */,
				1BD3C81329AD410100BFC22F /* LoginPage.swift */,
				1BD3C81529AD432000BFC22F /* RegisterIView.swift */,
				1BD3C81729AD6B2D00BFC22F /* RegisterInfoView.swift */,
				241C969929A8580600DB1855 /* HomePage.swift */,
				241C969B29A8581700DB1855 /* FriendsPage.swift */,
				241C969D29A8582800DB1855 /* HabitsPage.swift */,
				241C969F29A8583800DB1855 /* ProfilePage.swift */,
				F135D04829B17C010025F23B /* CreateHabitPage.swift */,
			);
			path = Views;
			sourceTree = "<group>";
		};
		241C969829A857BA00DB1855 /* Components */ = {
			isa = PBXGroup;
			children = (
				24BE17C729A9653C0070AEE6 /* Posts */,
				241C96A129A8662600DB1855 /* Navbar.swift */,
				24BE17CB29A978D50070AEE6 /* FriendCard.swift */,
				24BE17E929AD76630070AEE6 /* CustomButton.swift */,
				F135D04029B0413B0025F23B /* Habit.swift */,
				248084A829B42AE700A674F8 /* AddButton.swift */,
			);
			path = Components;
			sourceTree = "<group>";
		};
		24BE17C729A9653C0070AEE6 /* Posts */ = {
			isa = PBXGroup;
			children = (
				24BE17C929A966450070AEE6 /* PostsRowView.swift */,
			);
			path = Posts;
			sourceTree = "<group>";
		};
/* End PBXGroup section */

/* Begin PBXNativeTarget section */
		241C968429A6FA6300DB1855 /* BitReal */ = {
			isa = PBXNativeTarget;
			buildConfigurationList = 241C969329A6FA6500DB1855 /* Build configuration list for PBXNativeTarget "BitReal" */;
			buildPhases = (
				241C968129A6FA6300DB1855 /* Sources */,
				241C968229A6FA6300DB1855 /* Frameworks */,
				241C968329A6FA6300DB1855 /* Resources */,
			);
			buildRules = (
			);
			dependencies = (
			);
			name = BitReal;
			productName = BitReal;
			productReference = 241C968529A6FA6300DB1855 /* BitReal.app */;
			productType = "com.apple.product-type.application";
		};
/* End PBXNativeTarget section */

/* Begin PBXProject section */
		241C967D29A6FA6300DB1855 /* Project object */ = {
			isa = PBXProject;
			attributes = {
				BuildIndependentTargetsInParallel = 1;
				LastSwiftUpdateCheck = 1420;
				LastUpgradeCheck = 1420;
				TargetAttributes = {
					241C968429A6FA6300DB1855 = {
						CreatedOnToolsVersion = 14.2;
					};
				};
			};
			buildConfigurationList = 241C968029A6FA6300DB1855 /* Build configuration list for PBXProject "BitReal" */;
			compatibilityVersion = "Xcode 14.0";
			developmentRegion = en;
			hasScannedForEncodings = 0;
			knownRegions = (
				en,
				Base,
			);
			mainGroup = 241C967C29A6FA6300DB1855;
			productRefGroup = 241C968629A6FA6300DB1855 /* Products */;
			projectDirPath = "";
			projectRoot = "";
			targets = (
				241C968429A6FA6300DB1855 /* BitReal */,
			);
		};
/* End PBXProject section */

/* Begin PBXResourcesBuildPhase section */
		241C968329A6FA6300DB1855 /* Resources */ = {
			isa = PBXResourcesBuildPhase;
			buildActionMask = 2147483647;
			files = (
				241C969029A6FA6500DB1855 /* Preview Assets.xcassets in Resources */,
				241C968D29A6FA6500DB1855 /* Assets.xcassets in Resources */,
			);
			runOnlyForDeploymentPostprocessing = 0;
		};
/* End PBXResourcesBuildPhase section */

/* Begin PBXSourcesBuildPhase section */
		241C968129A6FA6300DB1855 /* Sources */ = {
			isa = PBXSourcesBuildPhase;
			buildActionMask = 2147483647;
			files = (
				241C96A229A8662600DB1855 /* Navbar.swift in Sources */,
				24BE17CA29A966450070AEE6 /* PostsRowView.swift in Sources */,
				1BD3C81829AD6B2D00BFC22F /* RegisterInfoView.swift in Sources */,
				241C96A029A8583800DB1855 /* ProfilePage.swift in Sources */,
				1BD3C81629AD432000BFC22F /* RegisterIView.swift in Sources */,
				241C969C29A8581700DB1855 /* FriendsPage.swift in Sources */,
				F135D04129B0413B0025F23B /* Habit.swift in Sources */,
				241C968B29A6FA6300DB1855 /* ContentView.swift in Sources */,
				24BE17EA29AD76630070AEE6 /* CustomButton.swift in Sources */,
				F135D04929B17C010025F23B /* CreateHabitPage.swift in Sources */,
				1BD3C81429AD410100BFC22F /* LoginPage.swift in Sources */,
				24BE17CC29A978D50070AEE6 /* FriendCard.swift in Sources */,
				248084A929B42AE700A674F8 /* AddButton.swift in Sources */,
				241C969A29A8580600DB1855 /* HomePage.swift in Sources */,
				1BD3C81029AC6D0400BFC22F /* SplashView.swift in Sources */,
				241C969E29A8582800DB1855 /* HabitsPage.swift in Sources */,
				241C968929A6FA6300DB1855 /* BitRealApp.swift in Sources */,
			);
			runOnlyForDeploymentPostprocessing = 0;
		};
/* End PBXSourcesBuildPhase section */

/* Begin XCBuildConfiguration section */
		241C969129A6FA6500DB1855 /* Debug */ = {
			isa = XCBuildConfiguration;
			buildSettings = {
				ALWAYS_SEARCH_USER_PATHS = NO;
				CLANG_ANALYZER_NONNULL = YES;
				CLANG_ANALYZER_NUMBER_OBJECT_CONVERSION = YES_AGGRESSIVE;
				CLANG_CXX_LANGUAGE_STANDARD = "gnu++20";
				CLANG_ENABLE_MODULES = YES;
				CLANG_ENABLE_OBJC_ARC = YES;
				CLANG_ENABLE_OBJC_WEAK = YES;
				CLANG_WARN_BLOCK_CAPTURE_AUTORELEASING = YES;
				CLANG_WARN_BOOL_CONVERSION = YES;
				CLANG_WARN_COMMA = YES;
				CLANG_WARN_CONSTANT_CONVERSION = YES;
				CLANG_WARN_DEPRECATED_OBJC_IMPLEMENTATIONS = YES;
				CLANG_WARN_DIRECT_OBJC_ISA_USAGE = YES_ERROR;
				CLANG_WARN_DOCUMENTATION_COMMENTS = YES;
				CLANG_WARN_EMPTY_BODY = YES;
				CLANG_WARN_ENUM_CONVERSION = YES;
				CLANG_WARN_INFINITE_RECURSION = YES;
				CLANG_WARN_INT_CONVERSION = YES;
				CLANG_WARN_NON_LITERAL_NULL_CONVERSION = YES;
				CLANG_WARN_OBJC_IMPLICIT_RETAIN_SELF = YES;
				CLANG_WARN_OBJC_LITERAL_CONVERSION = YES;
				CLANG_WARN_OBJC_ROOT_CLASS = YES_ERROR;
				CLANG_WARN_QUOTED_INCLUDE_IN_FRAMEWORK_HEADER = YES;
				CLANG_WARN_RANGE_LOOP_ANALYSIS = YES;
				CLANG_WARN_STRICT_PROTOTYPES = YES;
				CLANG_WARN_SUSPICIOUS_MOVE = YES;
				CLANG_WARN_UNGUARDED_AVAILABILITY = YES_AGGRESSIVE;
				CLANG_WARN_UNREACHABLE_CODE = YES;
				CLANG_WARN__DUPLICATE_METHOD_MATCH = YES;
				COPY_PHASE_STRIP = NO;
				DEBUG_INFORMATION_FORMAT = dwarf;
				ENABLE_STRICT_OBJC_MSGSEND = YES;
				ENABLE_TESTABILITY = YES;
				GCC_C_LANGUAGE_STANDARD = gnu11;
				GCC_DYNAMIC_NO_PIC = NO;
				GCC_NO_COMMON_BLOCKS = YES;
				GCC_OPTIMIZATION_LEVEL = 0;
				GCC_PREPROCESSOR_DEFINITIONS = (
					"DEBUG=1",
					"$(inherited)",
				);
				GCC_WARN_64_TO_32_BIT_CONVERSION = YES;
				GCC_WARN_ABOUT_RETURN_TYPE = YES_ERROR;
				GCC_WARN_UNDECLARED_SELECTOR = YES;
				GCC_WARN_UNINITIALIZED_AUTOS = YES_AGGRESSIVE;
				GCC_WARN_UNUSED_FUNCTION = YES;
				GCC_WARN_UNUSED_VARIABLE = YES;
				IPHONEOS_DEPLOYMENT_TARGET = 16.2;
				MTL_ENABLE_DEBUG_INFO = INCLUDE_SOURCE;
				MTL_FAST_MATH = YES;
				ONLY_ACTIVE_ARCH = YES;
				SDKROOT = iphoneos;
				SWIFT_ACTIVE_COMPILATION_CONDITIONS = DEBUG;
				SWIFT_OPTIMIZATION_LEVEL = "-Onone";
			};
			name = Debug;
		};
		241C969229A6FA6500DB1855 /* Release */ = {
			isa = XCBuildConfiguration;
			buildSettings = {
				ALWAYS_SEARCH_USER_PATHS = NO;
				CLANG_ANALYZER_NONNULL = YES;
				CLANG_ANALYZER_NUMBER_OBJECT_CONVERSION = YES_AGGRESSIVE;
				CLANG_CXX_LANGUAGE_STANDARD = "gnu++20";
				CLANG_ENABLE_MODULES = YES;
				CLANG_ENABLE_OBJC_ARC = YES;
				CLANG_ENABLE_OBJC_WEAK = YES;
				CLANG_WARN_BLOCK_CAPTURE_AUTORELEASING = YES;
				CLANG_WARN_BOOL_CONVERSION = YES;
				CLANG_WARN_COMMA = YES;
				CLANG_WARN_CONSTANT_CONVERSION = YES;
				CLANG_WARN_DEPRECATED_OBJC_IMPLEMENTATIONS = YES;
				CLANG_WARN_DIRECT_OBJC_ISA_USAGE = YES_ERROR;
				CLANG_WARN_DOCUMENTATION_COMMENTS = YES;
				CLANG_WARN_EMPTY_BODY = YES;
				CLANG_WARN_ENUM_CONVERSION = YES;
				CLANG_WARN_INFINITE_RECURSION = YES;
				CLANG_WARN_INT_CONVERSION = YES;
				CLANG_WARN_NON_LITERAL_NULL_CONVERSION = YES;
				CLANG_WARN_OBJC_IMPLICIT_RETAIN_SELF = YES;
				CLANG_WARN_OBJC_LITERAL_CONVERSION = YES;
				CLANG_WARN_OBJC_ROOT_CLASS = YES_ERROR;
				CLANG_WARN_QUOTED_INCLUDE_IN_FRAMEWORK_HEADER = YES;
				CLANG_WARN_RANGE_LOOP_ANALYSIS = YES;
				CLANG_WARN_STRICT_PROTOTYPES = YES;
				CLANG_WARN_SUSPICIOUS_MOVE = YES;
				CLANG_WARN_UNGUARDED_AVAILABILITY = YES_AGGRESSIVE;
				CLANG_WARN_UNREACHABLE_CODE = YES;
				CLANG_WARN__DUPLICATE_METHOD_MATCH = YES;
				COPY_PHASE_STRIP = NO;
				DEBUG_INFORMATION_FORMAT = "dwarf-with-dsym";
				ENABLE_NS_ASSERTIONS = NO;
				ENABLE_STRICT_OBJC_MSGSEND = YES;
				GCC_C_LANGUAGE_STANDARD = gnu11;
				GCC_NO_COMMON_BLOCKS = YES;
				GCC_WARN_64_TO_32_BIT_CONVERSION = YES;
				GCC_WARN_ABOUT_RETURN_TYPE = YES_ERROR;
				GCC_WARN_UNDECLARED_SELECTOR = YES;
				GCC_WARN_UNINITIALIZED_AUTOS = YES_AGGRESSIVE;
				GCC_WARN_UNUSED_FUNCTION = YES;
				GCC_WARN_UNUSED_VARIABLE = YES;
				IPHONEOS_DEPLOYMENT_TARGET = 16.2;
				MTL_ENABLE_DEBUG_INFO = NO;
				MTL_FAST_MATH = YES;
				SDKROOT = iphoneos;
				SWIFT_COMPILATION_MODE = wholemodule;
				SWIFT_OPTIMIZATION_LEVEL = "-O";
				VALIDATE_PRODUCT = YES;
			};
			name = Release;
		};
		241C969429A6FA6500DB1855 /* Debug */ = {
			isa = XCBuildConfiguration;
			buildSettings = {
				ASSETCATALOG_COMPILER_APPICON_NAME = AppIcon;
				ASSETCATALOG_COMPILER_GLOBAL_ACCENT_COLOR_NAME = AccentColor;
				CODE_SIGN_STYLE = Automatic;
				CURRENT_PROJECT_VERSION = 1;
				DEVELOPMENT_ASSET_PATHS = "\"BitReal/Preview Content\"";
				ENABLE_PREVIEWS = YES;
				GENERATE_INFOPLIST_FILE = YES;
				INFOPLIST_KEY_UIApplicationSceneManifest_Generation = YES;
				INFOPLIST_KEY_UIApplicationSupportsIndirectInputEvents = YES;
				INFOPLIST_KEY_UILaunchScreen_Generation = YES;
				INFOPLIST_KEY_UISupportedInterfaceOrientations_iPad = "UIInterfaceOrientationPortrait UIInterfaceOrientationPortraitUpsideDown UIInterfaceOrientationLandscapeLeft UIInterfaceOrientationLandscapeRight";
				INFOPLIST_KEY_UISupportedInterfaceOrientations_iPhone = "UIInterfaceOrientationPortrait UIInterfaceOrientationLandscapeLeft UIInterfaceOrientationLandscapeRight";
				LD_RUNPATH_SEARCH_PATHS = (
					"$(inherited)",
					"@executable_path/Frameworks",
				);
				MARKETING_VERSION = 1.0;
				PRODUCT_BUNDLE_IDENTIFIER = "com.ali-aladhami.BitReal";
				PRODUCT_NAME = "$(TARGET_NAME)";
				SWIFT_EMIT_LOC_STRINGS = YES;
				SWIFT_VERSION = 5.0;
				TARGETED_DEVICE_FAMILY = "1,2";
			};
			name = Debug;
		};
		241C969529A6FA6500DB1855 /* Release */ = {
			isa = XCBuildConfiguration;
			buildSettings = {
				ASSETCATALOG_COMPILER_APPICON_NAME = AppIcon;
				ASSETCATALOG_COMPILER_GLOBAL_ACCENT_COLOR_NAME = AccentColor;
				CODE_SIGN_STYLE = Automatic;
				CURRENT_PROJECT_VERSION = 1;
				DEVELOPMENT_ASSET_PATHS = "\"BitReal/Preview Content\"";
				ENABLE_PREVIEWS = YES;
				GENERATE_INFOPLIST_FILE = YES;
				INFOPLIST_KEY_UIApplicationSceneManifest_Generation = YES;
				INFOPLIST_KEY_UIApplicationSupportsIndirectInputEvents = YES;
				INFOPLIST_KEY_UILaunchScreen_Generation = YES;
				INFOPLIST_KEY_UISupportedInterfaceOrientations_iPad = "UIInterfaceOrientationPortrait UIInterfaceOrientationPortraitUpsideDown UIInterfaceOrientationLandscapeLeft UIInterfaceOrientationLandscapeRight";
				INFOPLIST_KEY_UISupportedInterfaceOrientations_iPhone = "UIInterfaceOrientationPortrait UIInterfaceOrientationLandscapeLeft UIInterfaceOrientationLandscapeRight";
				LD_RUNPATH_SEARCH_PATHS = (
					"$(inherited)",
					"@executable_path/Frameworks",
				);
				MARKETING_VERSION = 1.0;
				PRODUCT_BUNDLE_IDENTIFIER = "com.ali-aladhami.BitReal";
				PRODUCT_NAME = "$(TARGET_NAME)";
				SWIFT_EMIT_LOC_STRINGS = YES;
				SWIFT_VERSION = 5.0;
				TARGETED_DEVICE_FAMILY = "1,2";
			};
			name = Release;
		};
/* End XCBuildConfiguration section */

/* Begin XCConfigurationList section */
		241C968029A6FA6300DB1855 /* Build configuration list for PBXProject "BitReal" */ = {
			isa = XCConfigurationList;
			buildConfigurations = (
				241C969129A6FA6500DB1855 /* Debug */,
				241C969229A6FA6500DB1855 /* Release */,
			);
			defaultConfigurationIsVisible = 0;
			defaultConfigurationName = Release;
		};
		241C969329A6FA6500DB1855 /* Build configuration list for PBXNativeTarget "BitReal" */ = {
			isa = XCConfigurationList;
			buildConfigurations = (
				241C969429A6FA6500DB1855 /* Debug */,
				241C969529A6FA6500DB1855 /* Release */,
			);
			defaultConfigurationIsVisible = 0;
			defaultConfigurationName = Release;
		};
/* End XCConfigurationList section */
	};
	rootObject = 241C967D29A6FA6300DB1855 /* Project object */;
}
